
Microsoft Visual Studio Solution File, Format Version 12.00
# Visual Studio Version 17
VisualStudioVersion = 17.2.32630.192
MinimumVisualStudioVersion = 10.0.40219.1
Project("{9A19103F-16F7-4668-BE54-9A1E7A4F7556}") = "battleshipServices", "battleshipServices\battleshipServices.csproj", "{7FB96950-A5CB-4E69-B57A-1A9ACB3C5C34}"
EndProject
Project("{9A19103F-16F7-4668-BE54-9A1E7A4F7556}") = "battleshipServices.Tests", "battleshipServices.Tests\battleshipServices.Tests.csproj", "{4FF28F99-0144-477B-B7C5-CDB72B6B7B3F}"
EndProject
Global
	GlobalSection(SolutionConfigurationPlatforms) = preSolution
		Debug|Any CPU = Debug|Any CPU
		Release|Any CPU = Release|Any CPU
	EndGlobalSection
	GlobalSection(ProjectConfigurationPlatforms) = postSolution
		{7FB96950-A5CB-4E69-B57A-1A9ACB3C5C34}.Debug|Any CPU.ActiveCfg = Debug|Any CPU
		{7FB96950-A5CB-4E69-B57A-1A9ACB3C5C34}.Debug|Any CPU.Build.0 = Debug|Any CPU
		{7FB96950-A5CB-4E69-B57A-1A9ACB3C5C34}.Release|Any CPU.ActiveCfg = Release|Any CPU
		{7FB96950-A5CB-4E69-B57A-1A9ACB3C5C34}.Release|Any CPU.Build.0 = Release|Any CPU
		{4FF28F99-0144-477B-B7C5-CDB72B6B7B3F}.Debug|Any CPU.ActiveCfg = Debug|Any CPU
		{4FF28F99-0144-477B-B7C5-CDB72B6B7B3F}.Debug|Any CPU.Build.0 = Debug|Any CPU
		{4FF28F99-0144-477B-B7C5-CDB72B6B7B3F}.Release|Any CPU.ActiveCfg = Release|Any CPU
		{4FF28F99-0144-477B-B7C5-CDB72B6B7B3F}.Release|Any CPU.Build.0 = Release|Any CPU
	EndGlobalSection
	GlobalSection(SolutionProperties) = preSolution
		HideSolutionNode = FALSE
	EndGlobalSection
	GlobalSection(ExtensibilityGlobals) = postSolution
		SolutionGuid = {8280FC94-F6CE-495D-8ACE-34A24781DCBA}
	EndGlobalSection
EndGlobal
